// !$*UTF8*$!
{
	archiveVersion = 1;
	classes = {
	};
	objectVersion = 48;
	objects = {

/* Begin PBXAggregateTarget section */
		1FC6D0C81FE9FCA400773257 /* headers */ = {
			isa = PBXAggregateTarget;
			buildConfigurationList = 1FC6D0C91FE9FCA400773257 /* Build configuration list for PBXAggregateTarget "headers" */;
			buildPhases = (
				1F0F55201FE9FCBB00B61095 /* Install Headers — usr/include */,
				1F0F55261FE9FCEE00B61095 /* Install Headers — usr/include/libkern */,
				1F0F55231FE9FCD900B61095 /* Install Headers — usr/include/os */,
				1F0F55311FE9FD7C00B61095 /* Install Headers — usr/local/include */,
				1F0F55331FE9FD8A00B61095 /* Install Headers — usr/local/include/libkern */,
				1F0F552C1FE9FD0700B61095 /* Install Headers — usr/local/include/os */,
				1F0F553F1FE9FE0B00B61095 /* Install Headers — usr/local/include/os/internal */,
				1F0F55351FE9FDA300B61095 /* Install Headers — usr/local/include/platform */,
			);
			dependencies = (
			);
			name = headers;
			productName = headers;
		};
/* End PBXAggregateTarget section */

/* Begin PBXBuildFile section */
		1F0F55211FE9FCD600B61095 /* setjmp.h in Install Headers — usr/include */ = {isa = PBXBuildFile; fileRef = 1FC6D0AC1FE9FBBD00773257 /* setjmp.h */; };
		1F0F55221FE9FCD700B61095 /* ucontext.h in Install Headers — usr/include */ = {isa = PBXBuildFile; fileRef = 1FC6D0B61FE9FBBD00773257 /* ucontext.h */; };
		1F0F55241FE9FCE300B61095 /* lock.h in Install Headers — usr/include/os */ = {isa = PBXBuildFile; fileRef = 1FC6D0AE1FE9FBBD00773257 /* lock.h */; };
		1F0F55251FE9FCE400B61095 /* base.h in Install Headers — usr/include/os */ = {isa = PBXBuildFile; fileRef = 1FC6D0AF1FE9FBBD00773257 /* base.h */; };
		1F0F55271FE9FCFC00B61095 /* OSAtomicDeprecated.h in Install Headers — usr/include/libkern */ = {isa = PBXBuildFile; fileRef = 1FC6D0B11FE9FBBD00773257 /* OSAtomicDeprecated.h */; };
		1F0F55281FE9FCFD00B61095 /* OSSpinLockDeprecated.h in Install Headers — usr/include/libkern */ = {isa = PBXBuildFile; fileRef = 1FC6D0B21FE9FBBD00773257 /* OSSpinLockDeprecated.h */; };
		1F0F55291FE9FCFF00B61095 /* OSCacheControl.h in Install Headers — usr/include/libkern */ = {isa = PBXBuildFile; fileRef = 1FC6D0B31FE9FBBD00773257 /* OSCacheControl.h */; };
		1F0F552A1FE9FD0000B61095 /* OSAtomicQueue.h in Install Headers — usr/include/libkern */ = {isa = PBXBuildFile; fileRef = 1FC6D0B41FE9FBBD00773257 /* OSAtomicQueue.h */; };
		1F0F552B1FE9FD0100B61095 /* OSAtomic.h in Install Headers — usr/include/libkern */ = {isa = PBXBuildFile; fileRef = 1FC6D0B51FE9FBBD00773257 /* OSAtomic.h */; };
		1F0F552D1FE9FD1600B61095 /* internal.h in Install Headers — usr/local/include/os */ = {isa = PBXBuildFile; fileRef = 1FC6D0B91FE9FBBD00773257 /* internal.h */; };
		1F0F552E1FE9FD1700B61095 /* yield.h in Install Headers — usr/local/include/os */ = {isa = PBXBuildFile; fileRef = 1FC6D0BA1FE9FBBD00773257 /* yield.h */; };
		1F0F552F1FE9FD1900B61095 /* internal_asm.h in Install Headers — usr/local/include/os */ = {isa = PBXBuildFile; fileRef = 1FC6D0BB1FE9FBBD00773257 /* internal_asm.h */; };
		1F0F55321FE9FD8600B61095 /* _simple.h in Install Headers — usr/local/include */ = {isa = PBXBuildFile; fileRef = 1FC6D03A1FE9FBBD00773257 /* _simple.h */; };
		1F0F55341FE9FDA000B61095 /* OSAtomic.h in Install Headers — usr/local/include/libkern */ = {isa = PBXBuildFile; fileRef = 1FC6D04B1FE9FBBD00773257 /* OSAtomic.h */; };
		1F0F55361FE9FDB900B61095 /* lock_private.h in Install Headers — usr/local/include/os */ = {isa = PBXBuildFile; fileRef = 1FC6D0401FE9FBBD00773257 /* lock_private.h */; };
		1F0F55371FE9FDBB00B61095 /* lock.h in Install Headers — usr/local/include/os */ = {isa = PBXBuildFile; fileRef = 1FC6D0411FE9FBBD00773257 /* lock.h */; };
		1F0F55381FE9FDBF00B61095 /* base_private.h in Install Headers — usr/local/include/os */ = {isa = PBXBuildFile; fileRef = 1FC6D0461FE9FBBD00773257 /* base_private.h */; };
		1F0F55391FE9FDC100B61095 /* semaphore_private.h in Install Headers — usr/local/include/os */ = {isa = PBXBuildFile; fileRef = 1FC6D0471FE9FBBD00773257 /* semaphore_private.h */; };
		1F0F553A1FE9FDC200B61095 /* alloc_once_impl.h in Install Headers — usr/local/include/os */ = {isa = PBXBuildFile; fileRef = 1FC6D0481FE9FBBD00773257 /* alloc_once_impl.h */; };
		1F0F553B1FE9FDC500B61095 /* once_private.h in Install Headers — usr/local/include/os */ = {isa = PBXBuildFile; fileRef = 1FC6D0491FE9FBBD00773257 /* once_private.h */; };
		1F0F553C1FE9FDE400B61095 /* introspection_private.h in Install Headers — usr/local/include/platform */ = {isa = PBXBuildFile; fileRef = 1FC6D03C1FE9FBBD00773257 /* introspection_private.h */; };
		1F0F553D1FE9FDE500B61095 /* compat.h in Install Headers — usr/local/include/platform */ = {isa = PBXBuildFile; fileRef = 1FC6D03D1FE9FBBD00773257 /* compat.h */; };
		1F0F553E1FE9FDE700B61095 /* string.h in Install Headers — usr/local/include/platform */ = {isa = PBXBuildFile; fileRef = 1FC6D03E1FE9FBBD00773257 /* string.h */; };
		1F0F55401FE9FE1600B61095 /* internal_shared.h in Install Headers — usr/local/include/os/internal */ = {isa = PBXBuildFile; fileRef = 1FC6D0431FE9FBBD00773257 /* internal_shared.h */; };
		1F0F55411FE9FE1800B61095 /* crashlog.h in Install Headers — usr/local/include/os/internal */ = {isa = PBXBuildFile; fileRef = 1FC6D0441FE9FBBD00773257 /* crashlog.h */; };
		1F0F55421FE9FE1900B61095 /* atomic.h in Install Headers — usr/local/include/os/internal */ = {isa = PBXBuildFile; fileRef = 1FC6D0451FE9FBBD00773257 /* atomic.h */; };
		1F0F554E1FE9FE7F00B61095 /* init.c in Sources */ = {isa = PBXBuildFile; fileRef = 1FC6D0551FE9FBBD00773257 /* init.c */; };
		1F0F554F1FE9FE7F00B61095 /* force_libplatform_to_build.c in Sources */ = {isa = PBXBuildFile; fileRef = 1FC6D0721FE9FBBD00773257 /* force_libplatform_to_build.c */; };
		1F0F55501FE9FE8800B61095 /* cache.c in Sources */ = {isa = PBXBuildFile; fileRef = 1FC6D05A1FE9FBBD00773257 /* cache.c */; };
		1F0F55511FE9FE8800B61095 /* init.c in Sources */ = {isa = PBXBuildFile; fileRef = 1FC6D0621FE9FBBD00773257 /* init.c */; };
		1F0F55521FE9FE8800B61095 /* MKGetTimeBaseInfo.c in Sources */ = {isa = PBXBuildFile; fileRef = 1FC6D0671FE9FBBD00773257 /* MKGetTimeBaseInfo.c */; };
		1F0F55531FE9FE8800B61095 /* introspection.c in Sources */ = {isa = PBXBuildFile; fileRef = 1FC6D06C1FE9FBBD00773257 /* introspection.c */; };
		1F0F55541FE9FE8800B61095 /* asl.c in Sources */ = {isa = PBXBuildFile; fileRef = 1FC6D06F1FE9FBBD00773257 /* asl.c */; };
		1F0F55551FE9FE8800B61095 /* string_io.c in Sources */ = {isa = PBXBuildFile; fileRef = 1FC6D0701FE9FBBD00773257 /* string_io.c */; };
		1F0F55561FE9FE8800B61095 /* getenv.c in Sources */ = {isa = PBXBuildFile; fileRef = 1FC6D0711FE9FBBD00773257 /* getenv.c */; };
		1F0F55571FE9FE8800B61095 /* alloc_once.c in Sources */ = {isa = PBXBuildFile; fileRef = 1FC6D0741FE9FBBD00773257 /* alloc_once.c */; };
		1F0F55581FE9FE8800B61095 /* atomic.c in Sources */ = {isa = PBXBuildFile; fileRef = 1FC6D0751FE9FBBD00773257 /* atomic.c */; };
		1F0F55591FE9FE8800B61095 /* semaphore.c in Sources */ = {isa = PBXBuildFile; fileRef = 1FC6D0761FE9FBBD00773257 /* semaphore.c */; };
		1F0F555A1FE9FE8800B61095 /* lock.c in Sources */ = {isa = PBXBuildFile; fileRef = 1FC6D0771FE9FBBD00773257 /* lock.c */; };
		1F0F555B1FE9FE8800B61095 /* strchr.c in Sources */ = {isa = PBXBuildFile; fileRef = 1FC6D07E1FE9FBBD00773257 /* strchr.c */; };
		1F0F555C1FE9FE8800B61095 /* memset_pattern.c in Sources */ = {isa = PBXBuildFile; fileRef = 1FC6D07F1FE9FBBD00773257 /* memset_pattern.c */; };
		1F0F555D1FE9FE8800B61095 /* memcmp.c in Sources */ = {isa = PBXBuildFile; fileRef = 1FC6D0801FE9FBBD00773257 /* memcmp.c */; };
		1F0F555E1FE9FE8800B61095 /* memccpy.c in Sources */ = {isa = PBXBuildFile; fileRef = 1FC6D0811FE9FBBD00773257 /* memccpy.c */; };
		1F0F555F1FE9FE8800B61095 /* strncmp.c in Sources */ = {isa = PBXBuildFile; fileRef = 1FC6D0821FE9FBBD00773257 /* strncmp.c */; };
		1F0F55601FE9FE8800B61095 /* memmove.c in Sources */ = {isa = PBXBuildFile; fileRef = 1FC6D0831FE9FBBD00773257 /* memmove.c */; };
		1F0F55611FE9FE8800B61095 /* strcmp.c in Sources */ = {isa = PBXBuildFile; fileRef = 1FC6D0841FE9FBBD00773257 /* strcmp.c */; };
		1F0F55621FE9FE8800B61095 /* ffsll.c in Sources */ = {isa = PBXBuildFile; fileRef = 1FC6D0851FE9FBBD00773257 /* ffsll.c */; };
		1F0F55631FE9FE8800B61095 /* bzero.c in Sources */ = {isa = PBXBuildFile; fileRef = 1FC6D0861FE9FBBD00773257 /* bzero.c */; };
		1F0F55641FE9FE8800B61095 /* memchr.c in Sources */ = {isa = PBXBuildFile; fileRef = 1FC6D0871FE9FBBD00773257 /* memchr.c */; };
		1F0F55651FE9FE8800B61095 /* flsll.c in Sources */ = {isa = PBXBuildFile; fileRef = 1FC6D0881FE9FBBD00773257 /* flsll.c */; };
		1F0F55661FE9FE8800B61095 /* makecontext.c in Sources */ = {isa = PBXBuildFile; fileRef = 1FC6D08F1FE9FBBD00773257 /* makecontext.c */; };
		1F0F55671FE9FE8800B61095 /* getmcontext.c in Sources */ = {isa = PBXBuildFile; fileRef = 1FC6D0901FE9FBBD00773257 /* getmcontext.c */; };
		1F0F55681FE9FE8800B61095 /* swapcontext.c in Sources */ = {isa = PBXBuildFile; fileRef = 1FC6D0911FE9FBBD00773257 /* swapcontext.c */; };
		1F0F55691FE9FE8800B61095 /* setcontext.c in Sources */ = {isa = PBXBuildFile; fileRef = 1FC6D0921FE9FBBD00773257 /* setcontext.c */; };
		1F0F556A1FE9FE8800B61095 /* setjmperr.c in Sources */ = {isa = PBXBuildFile; fileRef = 1FC6D09D1FE9FBBD00773257 /* setjmperr.c */; };
		1F0F556B1FE9FE8800B61095 /* sigtramp.c in Sources */ = {isa = PBXBuildFile; fileRef = 1FC6D09E1FE9FBBD00773257 /* sigtramp.c */; };
		1F0F556C1FE9FEA600B61095 /* cache.s in Sources */ = {isa = PBXBuildFile; fileRef = 1FC6D0581FE9FBBD00773257 /* cache.s */; };
		1F0F556D1FE9FEA600B61095 /* cache.s in Sources */ = {isa = PBXBuildFile; fileRef = 1FC6D05C1FE9FBBD00773257 /* cache.s */; };
		1F0F556E1FE9FEA600B61095 /* cache.s in Sources */ = {isa = PBXBuildFile; fileRef = 1FC6D05E1FE9FBBD00773257 /* cache.s */; };
		1F0F556F1FE9FEA600B61095 /* cache.s in Sources */ = {isa = PBXBuildFile; fileRef = 1FC6D0601FE9FBBD00773257 /* cache.s */; };
		1F0F55701FE9FEA600B61095 /* pfz.s in Sources */ = {isa = PBXBuildFile; fileRef = 1FC6D0641FE9FBBD00773257 /* pfz.s */; };
		1F0F55711FE9FEA600B61095 /* OSAtomic.s in Sources */ = {isa = PBXBuildFile; fileRef = 1FC6D0651FE9FBBD00773257 /* OSAtomic.s */; };
		1F0F55721FE9FEA600B61095 /* pfz.s in Sources */ = {isa = PBXBuildFile; fileRef = 1FC6D0691FE9FBBD00773257 /* pfz.s */; };
		1F0F55731FE9FEA600B61095 /* OSAtomic.s in Sources */ = {isa = PBXBuildFile; fileRef = 1FC6D06A1FE9FBBD00773257 /* OSAtomic.s */; };
		1F0F55741FE9FEA600B61095 /* getcontext.s in Sources */ = {isa = PBXBuildFile; fileRef = 1FC6D08B1FE9FBBD00773257 /* getcontext.s */; };
		1F0F55751FE9FEA600B61095 /* _setcontext.s in Sources */ = {isa = PBXBuildFile; fileRef = 1FC6D08C1FE9FBBD00773257 /* _setcontext.s */; };
		1F0F55761FE9FEA600B61095 /* _ctx_start.s in Sources */ = {isa = PBXBuildFile; fileRef = 1FC6D08D1FE9FBBD00773257 /* _ctx_start.s */; };
		1F0F55771FE9FEA600B61095 /* getcontext.s in Sources */ = {isa = PBXBuildFile; fileRef = 1FC6D0941FE9FBBD00773257 /* getcontext.s */; };
		1F0F55781FE9FEA600B61095 /* _setcontext.s in Sources */ = {isa = PBXBuildFile; fileRef = 1FC6D0951FE9FBBD00773257 /* _setcontext.s */; };
		1F0F55791FE9FEA600B61095 /* _ctx_start.s in Sources */ = {isa = PBXBuildFile; fileRef = 1FC6D0961FE9FBBD00773257 /* _ctx_start.s */; };
		1F0F557A1FE9FEA600B61095 /* _setjmp.s in Sources */ = {isa = PBXBuildFile; fileRef = 1FC6D0991FE9FBBD00773257 /* _setjmp.s */; };
		1F0F557B1FE9FEA600B61095 /* _sigtramp.s in Sources */ = {isa = PBXBuildFile; fileRef = 1FC6D09A1FE9FBBD00773257 /* _sigtramp.s */; };
		1F0F557C1FE9FEA600B61095 /* setjmp.s in Sources */ = {isa = PBXBuildFile; fileRef = 1FC6D09B1FE9FBBD00773257 /* setjmp.s */; };
		1F0F557D1FE9FEA600B61095 /* _longjmp.s in Sources */ = {isa = PBXBuildFile; fileRef = 1FC6D0A01FE9FBBD00773257 /* _longjmp.s */; };
		1F0F557E1FE9FEA600B61095 /* _setjmp.s in Sources */ = {isa = PBXBuildFile; fileRef = 1FC6D0A11FE9FBBD00773257 /* _setjmp.s */; };
		1F0F557F1FE9FEA600B61095 /* setjmp.s in Sources */ = {isa = PBXBuildFile; fileRef = 1FC6D0A31FE9FBBD00773257 /* setjmp.s */; };
		1F0F55801FE9FEA600B61095 /* longjmp.s in Sources */ = {isa = PBXBuildFile; fileRef = 1FC6D0A41FE9FBBD00773257 /* longjmp.s */; };
		1F0F55811FE9FEA600B61095 /* setjmp.s in Sources */ = {isa = PBXBuildFile; fileRef = 1FC6D0A61FE9FBBD00773257 /* setjmp.s */; };
		1F0F55821FE9FEA600B61095 /* _setjmp.s in Sources */ = {isa = PBXBuildFile; fileRef = 1FC6D0A81FE9FBBD00773257 /* _setjmp.s */; };
		1F0F55831FE9FEA600B61095 /* _sigtramp.s in Sources */ = {isa = PBXBuildFile; fileRef = 1FC6D0A91FE9FBBD00773257 /* _sigtramp.s */; };
		1F0F55841FE9FEA600B61095 /* setjmp.s in Sources */ = {isa = PBXBuildFile; fileRef = 1FC6D0AA1FE9FBBD00773257 /* setjmp.s */; };
/* End PBXBuildFile section */

/* Begin PBXCopyFilesBuildPhase section */
		1F0F55201FE9FCBB00B61095 /* Install Headers — usr/include */ = {
			isa = PBXCopyFilesBuildPhase;
			buildActionMask = 8;
			dstPath = "$(INSTALL_PATH_PREFIX)$(INSTALL_LOCATION)/usr/include";
			dstSubfolderSpec = 0;
			files = (
				1F0F55211FE9FCD600B61095 /* setjmp.h in Install Headers — usr/include */,
				1F0F55221FE9FCD700B61095 /* ucontext.h in Install Headers — usr/include */,
			);
			name = "Install Headers — usr/include";
			runOnlyForDeploymentPostprocessing = 1;
		};
		1F0F55231FE9FCD900B61095 /* Install Headers — usr/include/os */ = {
			isa = PBXCopyFilesBuildPhase;
			buildActionMask = 12;
			dstPath = "$(INSTALL_PATH_PREFIX)$(INSTALL_LOCATION)/usr/include/os";
			dstSubfolderSpec = 0;
			files = (
				1F0F55241FE9FCE300B61095 /* lock.h in Install Headers — usr/include/os */,
				1F0F55251FE9FCE400B61095 /* base.h in Install Headers — usr/include/os */,
			);
			name = "Install Headers — usr/include/os";
			runOnlyForDeploymentPostprocessing = 0;
		};
		1F0F55261FE9FCEE00B61095 /* Install Headers — usr/include/libkern */ = {
			isa = PBXCopyFilesBuildPhase;
			buildActionMask = 8;
			dstPath = "$(INSTALL_PATH_PREFIX)$(INSTALL_LOCATION)/usr/include/libkern";
			dstSubfolderSpec = 0;
			files = (
				1F0F55271FE9FCFC00B61095 /* OSAtomicDeprecated.h in Install Headers — usr/include/libkern */,
				1F0F55281FE9FCFD00B61095 /* OSSpinLockDeprecated.h in Install Headers — usr/include/libkern */,
				1F0F55291FE9FCFF00B61095 /* OSCacheControl.h in Install Headers — usr/include/libkern */,
				1F0F552A1FE9FD0000B61095 /* OSAtomicQueue.h in Install Headers — usr/include/libkern */,
				1F0F552B1FE9FD0100B61095 /* OSAtomic.h in Install Headers — usr/include/libkern */,
			);
			name = "Install Headers — usr/include/libkern";
			runOnlyForDeploymentPostprocessing = 1;
		};
		1F0F552C1FE9FD0700B61095 /* Install Headers — usr/local/include/os */ = {
			isa = PBXCopyFilesBuildPhase;
			buildActionMask = 8;
			dstPath = "$(INSTALL_PATH_PREFIX)$(INSTALL_LOCATION)/usr/local/include/os";
			dstSubfolderSpec = 0;
			files = (
				1F0F552D1FE9FD1600B61095 /* internal.h in Install Headers — usr/local/include/os */,
				1F0F552F1FE9FD1900B61095 /* internal_asm.h in Install Headers — usr/local/include/os */,
				1F0F552E1FE9FD1700B61095 /* yield.h in Install Headers — usr/local/include/os */,
				1F0F55371FE9FDBB00B61095 /* lock.h in Install Headers — usr/local/include/os */,
				1F0F55361FE9FDB900B61095 /* lock_private.h in Install Headers — usr/local/include/os */,
				1F0F55381FE9FDBF00B61095 /* base_private.h in Install Headers — usr/local/include/os */,
				1F0F55391FE9FDC100B61095 /* semaphore_private.h in Install Headers — usr/local/include/os */,
				1F0F553A1FE9FDC200B61095 /* alloc_once_impl.h in Install Headers — usr/local/include/os */,
				1F0F553B1FE9FDC500B61095 /* once_private.h in Install Headers — usr/local/include/os */,
			);
			name = "Install Headers — usr/local/include/os";
			runOnlyForDeploymentPostprocessing = 1;
		};
		1F0F55311FE9FD7C00B61095 /* Install Headers — usr/local/include */ = {
			isa = PBXCopyFilesBuildPhase;
			buildActionMask = 12;
			dstPath = "$(INSTALL_PATH_PREFIX)$(INSTALL_LOCATION)/usr/local/include";
			dstSubfolderSpec = 0;
			files = (
				1F0F55321FE9FD8600B61095 /* _simple.h in Install Headers — usr/local/include */,
			);
			name = "Install Headers — usr/local/include";
			runOnlyForDeploymentPostprocessing = 0;
		};
		1F0F55331FE9FD8A00B61095 /* Install Headers — usr/local/include/libkern */ = {
			isa = PBXCopyFilesBuildPhase;
			buildActionMask = 8;
			dstPath = "$(INSTALL_PATH_PREFIX)$(INSTALL_LOCATION)/usr/local/include/libkern";
			dstSubfolderSpec = 0;
			files = (
				1F0F55341FE9FDA000B61095 /* OSAtomic.h in Install Headers — usr/local/include/libkern */,
			);
			name = "Install Headers — usr/local/include/libkern";
			runOnlyForDeploymentPostprocessing = 1;
		};
		1F0F55351FE9FDA300B61095 /* Install Headers — usr/local/include/platform */ = {
			isa = PBXCopyFilesBuildPhase;
			buildActionMask = 8;
			dstPath = "$(INSTALL_PATH_PREFIX)$(INSTALL_LOCATION)/usr/local/include/platform";
			dstSubfolderSpec = 0;
			files = (
				1F0F553C1FE9FDE400B61095 /* introspection_private.h in Install Headers — usr/local/include/platform */,
				1F0F553D1FE9FDE500B61095 /* compat.h in Install Headers — usr/local/include/platform */,
				1F0F553E1FE9FDE700B61095 /* string.h in Install Headers — usr/local/include/platform */,
			);
			name = "Install Headers — usr/local/include/platform";
			runOnlyForDeploymentPostprocessing = 1;
		};
		1F0F553F1FE9FE0B00B61095 /* Install Headers — usr/local/include/os/internal */ = {
			isa = PBXCopyFilesBuildPhase;
			buildActionMask = 8;
			dstPath = "$(INSTALL_PATH_PREFIX)$(INSTALL_LOCATION)/usr/local/include/os/internal";
			dstSubfolderSpec = 0;
			files = (
				1F0F55421FE9FE1900B61095 /* atomic.h in Install Headers — usr/local/include/os/internal */,
				1F0F55401FE9FE1600B61095 /* internal_shared.h in Install Headers — usr/local/include/os/internal */,
				1F0F55411FE9FE1800B61095 /* crashlog.h in Install Headers — usr/local/include/os/internal */,
			);
			name = "Install Headers — usr/local/include/os/internal";
			runOnlyForDeploymentPostprocessing = 1;
		};
/* End PBXCopyFilesBuildPhase section */

/* Begin PBXFileReference section */
		1F0F55471FE9FE4C00B61095 /* libsystem_platform.dylib */ = {isa = PBXFileReference; explicitFileType = "compiled.mach-o.dylib"; includeInIndex = 0; path = libsystem_platform.dylib; sourceTree = BUILT_PRODUCTS_DIR; };
		1FC6D03A1FE9FBBD00773257 /* _simple.h */ = {isa = PBXFileReference; lastKnownFileType = sourcecode.c.h; path = _simple.h; sourceTree = "<group>"; };
		1FC6D03C1FE9FBBD00773257 /* introspection_private.h */ = {isa = PBXFileReference; lastKnownFileType = sourcecode.c.h; path = introspection_private.h; sourceTree = "<group>"; };
		1FC6D03D1FE9FBBD00773257 /* compat.h */ = {isa = PBXFileReference; lastKnownFileType = sourcecode.c.h; path = compat.h; sourceTree = "<group>"; };
		1FC6D03E1FE9FBBD00773257 /* string.h */ = {isa = PBXFileReference; lastKnownFileType = sourcecode.c.h; path = string.h; sourceTree = "<group>"; };
		1FC6D0401FE9FBBD00773257 /* lock_private.h */ = {isa = PBXFileReference; lastKnownFileType = sourcecode.c.h; path = lock_private.h; sourceTree = "<group>"; };
		1FC6D0411FE9FBBD00773257 /* lock.h */ = {isa = PBXFileReference; lastKnownFileType = sourcecode.c.h; path = lock.h; sourceTree = "<group>"; };
		1FC6D0431FE9FBBD00773257 /* internal_shared.h */ = {isa = PBXFileReference; lastKnownFileType = sourcecode.c.h; path = internal_shared.h; sourceTree = "<group>"; };
		1FC6D0441FE9FBBD00773257 /* crashlog.h */ = {isa = PBXFileReference; lastKnownFileType = sourcecode.c.h; path = crashlog.h; sourceTree = "<group>"; };
		1FC6D0451FE9FBBD00773257 /* atomic.h */ = {isa = PBXFileReference; lastKnownFileType = sourcecode.c.h; path = atomic.h; sourceTree = "<group>"; };
		1FC6D0461FE9FBBD00773257 /* base_private.h */ = {isa = PBXFileReference; lastKnownFileType = sourcecode.c.h; path = base_private.h; sourceTree = "<group>"; };
		1FC6D0471FE9FBBD00773257 /* semaphore_private.h */ = {isa = PBXFileReference; lastKnownFileType = sourcecode.c.h; path = semaphore_private.h; sourceTree = "<group>"; };
		1FC6D0481FE9FBBD00773257 /* alloc_once_impl.h */ = {isa = PBXFileReference; lastKnownFileType = sourcecode.c.h; path = alloc_once_impl.h; sourceTree = "<group>"; };
		1FC6D0491FE9FBBD00773257 /* once_private.h */ = {isa = PBXFileReference; lastKnownFileType = sourcecode.c.h; path = once_private.h; sourceTree = "<group>"; };
		1FC6D04B1FE9FBBD00773257 /* OSAtomic.h */ = {isa = PBXFileReference; lastKnownFileType = sourcecode.c.h; path = OSAtomic.h; sourceTree = "<group>"; };
		1FC6D04C1FE9FBBD00773257 /* module.modulemap */ = {isa = PBXFileReference; lastKnownFileType = "sourcecode.module-map"; path = module.modulemap; sourceTree = "<group>"; };
		1FC6D04E1FE9FBBD00773257 /* perarch.xcconfig */ = {isa = PBXFileReference; lastKnownFileType = text.xcconfig; path = perarch.xcconfig; sourceTree = "<group>"; };
		1FC6D04F1FE9FBBD00773257 /* libplatform.xcconfig */ = {isa = PBXFileReference; lastKnownFileType = text.xcconfig; path = libplatform.xcconfig; sourceTree = "<group>"; };
		1FC6D0501FE9FBBD00773257 /* static.xcconfig */ = {isa = PBXFileReference; lastKnownFileType = text.xcconfig; path = static.xcconfig; sourceTree = "<group>"; };
		1FC6D0511FE9FBBD00773257 /* os.xcconfig */ = {isa = PBXFileReference; lastKnownFileType = text.xcconfig; path = os.xcconfig; sourceTree = "<group>"; };
		1FC6D0521FE9FBBD00773257 /* atomics.xcconfig */ = {isa = PBXFileReference; lastKnownFileType = text.xcconfig; path = atomics.xcconfig; sourceTree = "<group>"; };
		1FC6D0531FE9FBBD00773257 /* libplatform.aliases */ = {isa = PBXFileReference; lastKnownFileType = text; path = libplatform.aliases; sourceTree = "<group>"; };
		1FC6D0551FE9FBBD00773257 /* init.c */ = {isa = PBXFileReference; lastKnownFileType = sourcecode.c.c; path = init.c; sourceTree = "<group>"; };
		1FC6D0581FE9FBBD00773257 /* cache.s */ = {isa = PBXFileReference; lastKnownFileType = sourcecode.asm; path = cache.s; sourceTree = "<group>"; };
		1FC6D05A1FE9FBBD00773257 /* cache.c */ = {isa = PBXFileReference; lastKnownFileType = sourcecode.c.c; path = cache.c; sourceTree = "<group>"; };
		1FC6D05C1FE9FBBD00773257 /* cache.s */ = {isa = PBXFileReference; lastKnownFileType = sourcecode.asm; path = cache.s; sourceTree = "<group>"; };
		1FC6D05E1FE9FBBD00773257 /* cache.s */ = {isa = PBXFileReference; lastKnownFileType = sourcecode.asm; path = cache.s; sourceTree = "<group>"; };
		1FC6D0601FE9FBBD00773257 /* cache.s */ = {isa = PBXFileReference; lastKnownFileType = sourcecode.asm; path = cache.s; sourceTree = "<group>"; };
		1FC6D0621FE9FBBD00773257 /* init.c */ = {isa = PBXFileReference; lastKnownFileType = sourcecode.c.c; path = init.c; sourceTree = "<group>"; };
		1FC6D0641FE9FBBD00773257 /* pfz.s */ = {isa = PBXFileReference; lastKnownFileType = sourcecode.asm; path = pfz.s; sourceTree = "<group>"; };
		1FC6D0651FE9FBBD00773257 /* OSAtomic.s */ = {isa = PBXFileReference; lastKnownFileType = sourcecode.asm; path = OSAtomic.s; sourceTree = "<group>"; };
		1FC6D0671FE9FBBD00773257 /* MKGetTimeBaseInfo.c */ = {isa = PBXFileReference; lastKnownFileType = sourcecode.c.c; path = MKGetTimeBaseInfo.c; sourceTree = "<group>"; };
		1FC6D0691FE9FBBD00773257 /* pfz.s */ = {isa = PBXFileReference; lastKnownFileType = sourcecode.asm; path = pfz.s; sourceTree = "<group>"; };
		1FC6D06A1FE9FBBD00773257 /* OSAtomic.s */ = {isa = PBXFileReference; lastKnownFileType = sourcecode.asm; path = OSAtomic.s; sourceTree = "<group>"; };
		1FC6D06C1FE9FBBD00773257 /* introspection.c */ = {isa = PBXFileReference; lastKnownFileType = sourcecode.c.c; path = introspection.c; sourceTree = "<group>"; };
		1FC6D06D1FE9FBBD00773257 /* introspection_internal.h */ = {isa = PBXFileReference; lastKnownFileType = sourcecode.c.h; path = introspection_internal.h; sourceTree = "<group>"; };
		1FC6D06F1FE9FBBD00773257 /* asl.c */ = {isa = PBXFileReference; lastKnownFileType = sourcecode.c.c; path = asl.c; sourceTree = "<group>"; };
		1FC6D0701FE9FBBD00773257 /* string_io.c */ = {isa = PBXFileReference; lastKnownFileType = sourcecode.c.c; path = string_io.c; sourceTree = "<group>"; };
		1FC6D0711FE9FBBD00773257 /* getenv.c */ = {isa = PBXFileReference; lastKnownFileType = sourcecode.c.c; path = getenv.c; sourceTree = "<group>"; };
		1FC6D0721FE9FBBD00773257 /* force_libplatform_to_build.c */ = {isa = PBXFileReference; lastKnownFileType = sourcecode.c.c; path = force_libplatform_to_build.c; sourceTree = "<group>"; };
		1FC6D0741FE9FBBD00773257 /* alloc_once.c */ = {isa = PBXFileReference; lastKnownFileType = sourcecode.c.c; path = alloc_once.c; sourceTree = "<group>"; };
		1FC6D0751FE9FBBD00773257 /* atomic.c */ = {isa = PBXFileReference; lastKnownFileType = sourcecode.c.c; path = atomic.c; sourceTree = "<group>"; };
		1FC6D0761FE9FBBD00773257 /* semaphore.c */ = {isa = PBXFileReference; lastKnownFileType = sourcecode.c.c; path = semaphore.c; sourceTree = "<group>"; };
		1FC6D0771FE9FBBD00773257 /* lock.c */ = {isa = PBXFileReference; lastKnownFileType = sourcecode.c.c; path = lock.c; sourceTree = "<group>"; };
		1FC6D0781FE9FBBD00773257 /* lock_internal.h */ = {isa = PBXFileReference; lastKnownFileType = sourcecode.c.h; path = lock_internal.h; sourceTree = "<group>"; };
		1FC6D07A1FE9FBBD00773257 /* resolver_internal.h */ = {isa = PBXFileReference; lastKnownFileType = sourcecode.c.h; path = resolver_internal.h; sourceTree = "<group>"; };
		1FC6D07B1FE9FBBD00773257 /* resolver.h */ = {isa = PBXFileReference; lastKnownFileType = sourcecode.c.h; path = resolver.h; sourceTree = "<group>"; };
		1FC6D07E1FE9FBBD00773257 /* strchr.c */ = {isa = PBXFileReference; lastKnownFileType = sourcecode.c.c; path = strchr.c; sourceTree = "<group>"; };
		1FC6D07F1FE9FBBD00773257 /* memset_pattern.c */ = {isa = PBXFileReference; lastKnownFileType = sourcecode.c.c; path = memset_pattern.c; sourceTree = "<group>"; };
		1FC6D0801FE9FBBD00773257 /* memcmp.c */ = {isa = PBXFileReference; lastKnownFileType = sourcecode.c.c; path = memcmp.c; sourceTree = "<group>"; };
		1FC6D0811FE9FBBD00773257 /* memccpy.c */ = {isa = PBXFileReference; lastKnownFileType = sourcecode.c.c; path = memccpy.c; sourceTree = "<group>"; };
		1FC6D0821FE9FBBD00773257 /* strncmp.c */ = {isa = PBXFileReference; lastKnownFileType = sourcecode.c.c; path = strncmp.c; sourceTree = "<group>"; };
		1FC6D0831FE9FBBD00773257 /* memmove.c */ = {isa = PBXFileReference; lastKnownFileType = sourcecode.c.c; path = memmove.c; sourceTree = "<group>"; };
		1FC6D0841FE9FBBD00773257 /* strcmp.c */ = {isa = PBXFileReference; lastKnownFileType = sourcecode.c.c; path = strcmp.c; sourceTree = "<group>"; };
		1FC6D0851FE9FBBD00773257 /* ffsll.c */ = {isa = PBXFileReference; lastKnownFileType = sourcecode.c.c; path = ffsll.c; sourceTree = "<group>"; };
		1FC6D0861FE9FBBD00773257 /* bzero.c */ = {isa = PBXFileReference; lastKnownFileType = sourcecode.c.c; path = bzero.c; sourceTree = "<group>"; };
		1FC6D0871FE9FBBD00773257 /* memchr.c */ = {isa = PBXFileReference; lastKnownFileType = sourcecode.c.c; path = memchr.c; sourceTree = "<group>"; };
		1FC6D0881FE9FBBD00773257 /* flsll.c */ = {isa = PBXFileReference; lastKnownFileType = sourcecode.c.c; path = flsll.c; sourceTree = "<group>"; };
		1FC6D08B1FE9FBBD00773257 /* getcontext.s */ = {isa = PBXFileReference; lastKnownFileType = sourcecode.asm; path = getcontext.s; sourceTree = "<group>"; };
		1FC6D08C1FE9FBBD00773257 /* _setcontext.s */ = {isa = PBXFileReference; lastKnownFileType = sourcecode.asm; path = _setcontext.s; sourceTree = "<group>"; };
		1FC6D08D1FE9FBBD00773257 /* _ctx_start.s */ = {isa = PBXFileReference; lastKnownFileType = sourcecode.asm; path = _ctx_start.s; sourceTree = "<group>"; };
		1FC6D08F1FE9FBBD00773257 /* makecontext.c */ = {isa = PBXFileReference; lastKnownFileType = sourcecode.c.c; path = makecontext.c; sourceTree = "<group>"; };
		1FC6D0901FE9FBBD00773257 /* getmcontext.c */ = {isa = PBXFileReference; lastKnownFileType = sourcecode.c.c; path = getmcontext.c; sourceTree = "<group>"; };
		1FC6D0911FE9FBBD00773257 /* swapcontext.c */ = {isa = PBXFileReference; lastKnownFileType = sourcecode.c.c; path = swapcontext.c; sourceTree = "<group>"; };
		1FC6D0921FE9FBBD00773257 /* setcontext.c */ = {isa = PBXFileReference; lastKnownFileType = sourcecode.c.c; path = setcontext.c; sourceTree = "<group>"; };
		1FC6D0941FE9FBBD00773257 /* getcontext.s */ = {isa = PBXFileReference; lastKnownFileType = sourcecode.asm; path = getcontext.s; sourceTree = "<group>"; };
		1FC6D0951FE9FBBD00773257 /* _setcontext.s */ = {isa = PBXFileReference; lastKnownFileType = sourcecode.asm; path = _setcontext.s; sourceTree = "<group>"; };
		1FC6D0961FE9FBBD00773257 /* _ctx_start.s */ = {isa = PBXFileReference; lastKnownFileType = sourcecode.asm; path = _ctx_start.s; sourceTree = "<group>"; };
		1FC6D0991FE9FBBD00773257 /* _setjmp.s */ = {isa = PBXFileReference; lastKnownFileType = sourcecode.asm; path = _setjmp.s; sourceTree = "<group>"; };
		1FC6D09A1FE9FBBD00773257 /* _sigtramp.s */ = {isa = PBXFileReference; lastKnownFileType = sourcecode.asm; path = _sigtramp.s; sourceTree = "<group>"; };
		1FC6D09B1FE9FBBD00773257 /* setjmp.s */ = {isa = PBXFileReference; lastKnownFileType = sourcecode.asm; path = setjmp.s; sourceTree = "<group>"; };
		1FC6D09D1FE9FBBD00773257 /* setjmperr.c */ = {isa = PBXFileReference; lastKnownFileType = sourcecode.c.c; path = setjmperr.c; sourceTree = "<group>"; };
		1FC6D09E1FE9FBBD00773257 /* sigtramp.c */ = {isa = PBXFileReference; lastKnownFileType = sourcecode.c.c; path = sigtramp.c; sourceTree = "<group>"; };
		1FC6D0A01FE9FBBD00773257 /* _longjmp.s */ = {isa = PBXFileReference; lastKnownFileType = sourcecode.asm; path = _longjmp.s; sourceTree = "<group>"; };
		1FC6D0A11FE9FBBD00773257 /* _setjmp.s */ = {isa = PBXFileReference; lastKnownFileType = sourcecode.asm; path = _setjmp.s; sourceTree = "<group>"; };
		1FC6D0A21FE9FBBD00773257 /* _setjmp.h */ = {isa = PBXFileReference; lastKnownFileType = sourcecode.c.h; path = _setjmp.h; sourceTree = "<group>"; };
		1FC6D0A31FE9FBBD00773257 /* setjmp.s */ = {isa = PBXFileReference; lastKnownFileType = sourcecode.asm; path = setjmp.s; sourceTree = "<group>"; };
		1FC6D0A41FE9FBBD00773257 /* longjmp.s */ = {isa = PBXFileReference; lastKnownFileType = sourcecode.asm; path = longjmp.s; sourceTree = "<group>"; };
		1FC6D0A61FE9FBBD00773257 /* setjmp.s */ = {isa = PBXFileReference; lastKnownFileType = sourcecode.asm; path = setjmp.s; sourceTree = "<group>"; };
		1FC6D0A81FE9FBBD00773257 /* _setjmp.s */ = {isa = PBXFileReference; lastKnownFileType = sourcecode.asm; path = _setjmp.s; sourceTree = "<group>"; };
		1FC6D0A91FE9FBBD00773257 /* _sigtramp.s */ = {isa = PBXFileReference; lastKnownFileType = sourcecode.asm; path = _sigtramp.s; sourceTree = "<group>"; };
		1FC6D0AA1FE9FBBD00773257 /* setjmp.s */ = {isa = PBXFileReference; lastKnownFileType = sourcecode.asm; path = setjmp.s; sourceTree = "<group>"; };
		1FC6D0AC1FE9FBBD00773257 /* setjmp.h */ = {isa = PBXFileReference; lastKnownFileType = sourcecode.c.h; path = setjmp.h; sourceTree = "<group>"; };
		1FC6D0AE1FE9FBBD00773257 /* lock.h */ = {isa = PBXFileReference; lastKnownFileType = sourcecode.c.h; path = lock.h; sourceTree = "<group>"; };
		1FC6D0AF1FE9FBBD00773257 /* base.h */ = {isa = PBXFileReference; lastKnownFileType = sourcecode.c.h; path = base.h; sourceTree = "<group>"; };
		1FC6D0B11FE9FBBD00773257 /* OSAtomicDeprecated.h */ = {isa = PBXFileReference; lastKnownFileType = sourcecode.c.h; path = OSAtomicDeprecated.h; sourceTree = "<group>"; };
		1FC6D0B21FE9FBBD00773257 /* OSSpinLockDeprecated.h */ = {isa = PBXFileReference; lastKnownFileType = sourcecode.c.h; path = OSSpinLockDeprecated.h; sourceTree = "<group>"; };
		1FC6D0B31FE9FBBD00773257 /* OSCacheControl.h */ = {isa = PBXFileReference; lastKnownFileType = sourcecode.c.h; path = OSCacheControl.h; sourceTree = "<group>"; };
		1FC6D0B41FE9FBBD00773257 /* OSAtomicQueue.h */ = {isa = PBXFileReference; lastKnownFileType = sourcecode.c.h; path = OSAtomicQueue.h; sourceTree = "<group>"; };
		1FC6D0B51FE9FBBD00773257 /* OSAtomic.h */ = {isa = PBXFileReference; lastKnownFileType = sourcecode.c.h; path = OSAtomic.h; sourceTree = "<group>"; };
		1FC6D0B61FE9FBBD00773257 /* ucontext.h */ = {isa = PBXFileReference; lastKnownFileType = sourcecode.c.h; path = ucontext.h; sourceTree = "<group>"; };
		1FC6D0B91FE9FBBD00773257 /* internal.h */ = {isa = PBXFileReference; lastKnownFileType = sourcecode.c.h; path = internal.h; sourceTree = "<group>"; };
		1FC6D0BA1FE9FBBD00773257 /* yield.h */ = {isa = PBXFileReference; lastKnownFileType = sourcecode.c.h; path = yield.h; sourceTree = "<group>"; };
		1FC6D0BB1FE9FBBD00773257 /* internal_asm.h */ = {isa = PBXFileReference; lastKnownFileType = sourcecode.c.h; path = internal_asm.h; sourceTree = "<group>"; };
		1FC6D0BD1FE9FBBD00773257 /* manpages.lst */ = {isa = PBXFileReference; lastKnownFileType = text; path = manpages.lst; sourceTree = "<group>"; };
		1FC6D0BE1FE9FBBD00773257 /* makecontext.3 */ = {isa = PBXFileReference; lastKnownFileType = text; path = makecontext.3; sourceTree = "<group>"; };
		1FC6D0BF1FE9FBBD00773257 /* stdatomic.3 */ = {isa = PBXFileReference; lastKnownFileType = text; path = stdatomic.3; sourceTree = "<group>"; };
		1FC6D0C01FE9FBBD00773257 /* ucontext.3 */ = {isa = PBXFileReference; lastKnownFileType = text; path = ucontext.3; sourceTree = "<group>"; };
		1FC6D0C11FE9FBBD00773257 /* atomic.3 */ = {isa = PBXFileReference; lastKnownFileType = text; path = atomic.3; sourceTree = "<group>"; };
		1FC6D0C21FE9FBBD00773257 /* getcontext.3 */ = {isa = PBXFileReference; lastKnownFileType = text; path = getcontext.3; sourceTree = "<group>"; };
		1FC6D0C31FE9FBBD00773257 /* spinlock_deprecated.3 */ = {isa = PBXFileReference; lastKnownFileType = text; path = spinlock_deprecated.3; sourceTree = "<group>"; };
		1FC6D0C41FE9FBBD00773257 /* ffs.3 */ = {isa = PBXFileReference; lastKnownFileType = text; path = ffs.3; sourceTree = "<group>"; };
		1FC6D0C51FE9FBBD00773257 /* cache.3 */ = {isa = PBXFileReference; lastKnownFileType = text; path = cache.3; sourceTree = "<group>"; };
		1FC6D0C61FE9FBBD00773257 /* atomic_deprecated.3 */ = {isa = PBXFileReference; lastKnownFileType = text; path = atomic_deprecated.3; sourceTree = "<group>"; };
		1FC6D0C71FE9FBBD00773257 /* setjmp.3 */ = {isa = PBXFileReference; lastKnownFileType = text; path = setjmp.3; sourceTree = "<group>"; };
/* End PBXFileReference section */

/* Begin PBXFrameworksBuildPhase section */
		1F0F55441FE9FE4C00B61095 /* Frameworks */ = {
			isa = PBXFrameworksBuildPhase;
			buildActionMask = 2147483647;
			files = (
			);
			runOnlyForDeploymentPostprocessing = 0;
		};
/* End PBXFrameworksBuildPhase section */

/* Begin PBXGroup section */
		1F0F55481FE9FE4C00B61095 /* Products */ = {
			isa = PBXGroup;
			children = (
				1F0F55471FE9FE4C00B61095 /* libsystem_platform.dylib */,
			);
			name = Products;
			sourceTree = "<group>";
		};
		1FAB8B641FE9FBA000B474E6 = {
			isa = PBXGroup;
			children = (
				1FC6D0AB1FE9FBBD00773257 /* include */,
				1FC6D0B71FE9FBBD00773257 /* internal */,
				1FC6D0BC1FE9FBBD00773257 /* man */,
				1FC6D0391FE9FBBD00773257 /* private */,
				1FC6D0541FE9FBBD00773257 /* src */,
				1FC6D04D1FE9FBBD00773257 /* xcodeconfig */,
				1F0F55481FE9FE4C00B61095 /* Products */,
			);
			sourceTree = "<group>";
		};
		1FC6D0391FE9FBBD00773257 /* private */ = {
			isa = PBXGroup;
			children = (
				1FC6D03A1FE9FBBD00773257 /* _simple.h */,
				1FC6D03B1FE9FBBD00773257 /* platform */,
				1FC6D03F1FE9FBBD00773257 /* os */,
				1FC6D04A1FE9FBBD00773257 /* libkern */,
			);
			path = private;
			sourceTree = "<group>";
		};
		1FC6D03B1FE9FBBD00773257 /* platform */ = {
			isa = PBXGroup;
			children = (
				1FC6D03C1FE9FBBD00773257 /* introspection_private.h */,
				1FC6D03D1FE9FBBD00773257 /* compat.h */,
				1FC6D03E1FE9FBBD00773257 /* string.h */,
			);
			path = platform;
			sourceTree = "<group>";
		};
		1FC6D03F1FE9FBBD00773257 /* os */ = {
			isa = PBXGroup;
			children = (
				1FC6D0401FE9FBBD00773257 /* lock_private.h */,
				1FC6D0411FE9FBBD00773257 /* lock.h */,
				1FC6D0421FE9FBBD00773257 /* internal */,
				1FC6D0461FE9FBBD00773257 /* base_private.h */,
				1FC6D0471FE9FBBD00773257 /* semaphore_private.h */,
				1FC6D0481FE9FBBD00773257 /* alloc_once_impl.h */,
				1FC6D0491FE9FBBD00773257 /* once_private.h */,
			);
			path = os;
			sourceTree = "<group>";
		};
		1FC6D0421FE9FBBD00773257 /* internal */ = {
			isa = PBXGroup;
			children = (
				1FC6D0431FE9FBBD00773257 /* internal_shared.h */,
				1FC6D0441FE9FBBD00773257 /* crashlog.h */,
				1FC6D0451FE9FBBD00773257 /* atomic.h */,
			);
			path = internal;
			sourceTree = "<group>";
		};
		1FC6D04A1FE9FBBD00773257 /* libkern */ = {
			isa = PBXGroup;
			children = (
				1FC6D04B1FE9FBBD00773257 /* OSAtomic.h */,
				1FC6D04C1FE9FBBD00773257 /* module.modulemap */,
			);
			path = libkern;
			sourceTree = "<group>";
		};
		1FC6D04D1FE9FBBD00773257 /* xcodeconfig */ = {
			isa = PBXGroup;
			children = (
				1FC6D04E1FE9FBBD00773257 /* perarch.xcconfig */,
				1FC6D04F1FE9FBBD00773257 /* libplatform.xcconfig */,
				1FC6D0501FE9FBBD00773257 /* static.xcconfig */,
				1FC6D0511FE9FBBD00773257 /* os.xcconfig */,
				1FC6D0521FE9FBBD00773257 /* atomics.xcconfig */,
				1FC6D0531FE9FBBD00773257 /* libplatform.aliases */,
			);
			path = xcodeconfig;
			sourceTree = "<group>";
		};
		1FC6D0541FE9FBBD00773257 /* src */ = {
			isa = PBXGroup;
			children = (
				1FC6D0551FE9FBBD00773257 /* init.c */,
				1FC6D0561FE9FBBD00773257 /* cachecontrol */,
				1FC6D0611FE9FBBD00773257 /* atomics */,
				1FC6D06B1FE9FBBD00773257 /* introspection */,
				1FC6D06E1FE9FBBD00773257 /* simple */,
				1FC6D0721FE9FBBD00773257 /* force_libplatform_to_build.c */,
				1FC6D0731FE9FBBD00773257 /* os */,
				1FC6D07C1FE9FBBD00773257 /* string */,
				1FC6D0891FE9FBBD00773257 /* ucontext */,
				1FC6D0971FE9FBBD00773257 /* setjmp */,
			);
			path = src;
			sourceTree = "<group>";
		};
		1FC6D0561FE9FBBD00773257 /* cachecontrol */ = {
			isa = PBXGroup;
			children = (
				1FC6D0571FE9FBBD00773257 /* i386 */,
				1FC6D0591FE9FBBD00773257 /* generic */,
				1FC6D05B1FE9FBBD00773257 /* arm */,
				1FC6D05D1FE9FBBD00773257 /* arm64 */,
				1FC6D05F1FE9FBBD00773257 /* x86_64 */,
			);
			path = cachecontrol;
			sourceTree = "<group>";
		};
		1FC6D0571FE9FBBD00773257 /* i386 */ = {
			isa = PBXGroup;
			children = (
				1FC6D0581FE9FBBD00773257 /* cache.s */,
			);
			path = i386;
			sourceTree = "<group>";
		};
		1FC6D0591FE9FBBD00773257 /* generic */ = {
			isa = PBXGroup;
			children = (
				1FC6D05A1FE9FBBD00773257 /* cache.c */,
			);
			path = generic;
			sourceTree = "<group>";
		};
		1FC6D05B1FE9FBBD00773257 /* arm */ = {
			isa = PBXGroup;
			children = (
				1FC6D05C1FE9FBBD00773257 /* cache.s */,
			);
			path = arm;
			sourceTree = "<group>";
		};
		1FC6D05D1FE9FBBD00773257 /* arm64 */ = {
			isa = PBXGroup;
			children = (
				1FC6D05E1FE9FBBD00773257 /* cache.s */,
			);
			path = arm64;
			sourceTree = "<group>";
		};
		1FC6D05F1FE9FBBD00773257 /* x86_64 */ = {
			isa = PBXGroup;
			children = (
				1FC6D0601FE9FBBD00773257 /* cache.s */,
			);
			path = x86_64;
			sourceTree = "<group>";
		};
		1FC6D0611FE9FBBD00773257 /* atomics */ = {
			isa = PBXGroup;
			children = (
				1FC6D0621FE9FBBD00773257 /* init.c */,
				1FC6D0631FE9FBBD00773257 /* i386 */,
				1FC6D0661FE9FBBD00773257 /* common */,
				1FC6D0681FE9FBBD00773257 /* x86_64 */,
			);
			path = atomics;
			sourceTree = "<group>";
		};
		1FC6D0631FE9FBBD00773257 /* i386 */ = {
			isa = PBXGroup;
			children = (
				1FC6D0641FE9FBBD00773257 /* pfz.s */,
				1FC6D0651FE9FBBD00773257 /* OSAtomic.s */,
			);
			path = i386;
			sourceTree = "<group>";
		};
		1FC6D0661FE9FBBD00773257 /* common */ = {
			isa = PBXGroup;
			children = (
				1FC6D0671FE9FBBD00773257 /* MKGetTimeBaseInfo.c */,
			);
			path = common;
			sourceTree = "<group>";
		};
		1FC6D0681FE9FBBD00773257 /* x86_64 */ = {
			isa = PBXGroup;
			children = (
				1FC6D0691FE9FBBD00773257 /* pfz.s */,
				1FC6D06A1FE9FBBD00773257 /* OSAtomic.s */,
			);
			path = x86_64;
			sourceTree = "<group>";
		};
		1FC6D06B1FE9FBBD00773257 /* introspection */ = {
			isa = PBXGroup;
			children = (
				1FC6D06C1FE9FBBD00773257 /* introspection.c */,
				1FC6D06D1FE9FBBD00773257 /* introspection_internal.h */,
			);
			path = introspection;
			sourceTree = "<group>";
		};
		1FC6D06E1FE9FBBD00773257 /* simple */ = {
			isa = PBXGroup;
			children = (
				1FC6D06F1FE9FBBD00773257 /* asl.c */,
				1FC6D0701FE9FBBD00773257 /* string_io.c */,
				1FC6D0711FE9FBBD00773257 /* getenv.c */,
			);
			path = simple;
			sourceTree = "<group>";
		};
		1FC6D0731FE9FBBD00773257 /* os */ = {
			isa = PBXGroup;
			children = (
				1FC6D0741FE9FBBD00773257 /* alloc_once.c */,
				1FC6D0751FE9FBBD00773257 /* atomic.c */,
				1FC6D0761FE9FBBD00773257 /* semaphore.c */,
				1FC6D0771FE9FBBD00773257 /* lock.c */,
				1FC6D0781FE9FBBD00773257 /* lock_internal.h */,
				1FC6D0791FE9FBBD00773257 /* resolver */,
			);
			path = os;
			sourceTree = "<group>";
		};
		1FC6D0791FE9FBBD00773257 /* resolver */ = {
			isa = PBXGroup;
			children = (
				1FC6D07A1FE9FBBD00773257 /* resolver_internal.h */,
				1FC6D07B1FE9FBBD00773257 /* resolver.h */,
			);
			path = resolver;
			sourceTree = "<group>";
		};
		1FC6D07C1FE9FBBD00773257 /* string */ = {
			isa = PBXGroup;
			children = (
				1FC6D07D1FE9FBBD00773257 /* generic */,
			);
			path = string;
			sourceTree = "<group>";
		};
		1FC6D07D1FE9FBBD00773257 /* generic */ = {
			isa = PBXGroup;
			children = (
				1FC6D07E1FE9FBBD00773257 /* strchr.c */,
				1FC6D07F1FE9FBBD00773257 /* memset_pattern.c */,
				1FC6D0801FE9FBBD00773257 /* memcmp.c */,
				1FC6D0811FE9FBBD00773257 /* memccpy.c */,
				1FC6D0821FE9FBBD00773257 /* strncmp.c */,
				1FC6D0831FE9FBBD00773257 /* memmove.c */,
				1FC6D0841FE9FBBD00773257 /* strcmp.c */,
				1FC6D0851FE9FBBD00773257 /* ffsll.c */,
				1FC6D0861FE9FBBD00773257 /* bzero.c */,
				1FC6D0871FE9FBBD00773257 /* memchr.c */,
				1FC6D0881FE9FBBD00773257 /* flsll.c */,
			);
			path = generic;
			sourceTree = "<group>";
		};
		1FC6D0891FE9FBBD00773257 /* ucontext */ = {
			isa = PBXGroup;
			children = (
				1FC6D08A1FE9FBBD00773257 /* i386 */,
				1FC6D08E1FE9FBBD00773257 /* generic */,
				1FC6D0931FE9FBBD00773257 /* x86_64 */,
			);
			path = ucontext;
			sourceTree = "<group>";
		};
		1FC6D08A1FE9FBBD00773257 /* i386 */ = {
			isa = PBXGroup;
			children = (
				1FC6D08B1FE9FBBD00773257 /* getcontext.s */,
				1FC6D08C1FE9FBBD00773257 /* _setcontext.s */,
				1FC6D08D1FE9FBBD00773257 /* _ctx_start.s */,
			);
			path = i386;
			sourceTree = "<group>";
		};
		1FC6D08E1FE9FBBD00773257 /* generic */ = {
			isa = PBXGroup;
			children = (
				1FC6D08F1FE9FBBD00773257 /* makecontext.c */,
				1FC6D0901FE9FBBD00773257 /* getmcontext.c */,
				1FC6D0911FE9FBBD00773257 /* swapcontext.c */,
				1FC6D0921FE9FBBD00773257 /* setcontext.c */,
			);
			path = generic;
			sourceTree = "<group>";
		};
		1FC6D0931FE9FBBD00773257 /* x86_64 */ = {
			isa = PBXGroup;
			children = (
				1FC6D0941FE9FBBD00773257 /* getcontext.s */,
				1FC6D0951FE9FBBD00773257 /* _setcontext.s */,
				1FC6D0961FE9FBBD00773257 /* _ctx_start.s */,
			);
			path = x86_64;
			sourceTree = "<group>";
		};
		1FC6D0971FE9FBBD00773257 /* setjmp */ = {
			isa = PBXGroup;
			children = (
				1FC6D0981FE9FBBD00773257 /* i386 */,
				1FC6D09C1FE9FBBD00773257 /* generic */,
				1FC6D09F1FE9FBBD00773257 /* arm */,
				1FC6D0A51FE9FBBD00773257 /* arm64 */,
				1FC6D0A71FE9FBBD00773257 /* x86_64 */,
			);
			path = setjmp;
			sourceTree = "<group>";
		};
		1FC6D0981FE9FBBD00773257 /* i386 */ = {
			isa = PBXGroup;
			children = (
				1FC6D0991FE9FBBD00773257 /* _setjmp.s */,
				1FC6D09A1FE9FBBD00773257 /* _sigtramp.s */,
				1FC6D09B1FE9FBBD00773257 /* setjmp.s */,
			);
			path = i386;
			sourceTree = "<group>";
		};
		1FC6D09C1FE9FBBD00773257 /* generic */ = {
			isa = PBXGroup;
			children = (
				1FC6D09D1FE9FBBD00773257 /* setjmperr.c */,
				1FC6D09E1FE9FBBD00773257 /* sigtramp.c */,
			);
			path = generic;
			sourceTree = "<group>";
		};
		1FC6D09F1FE9FBBD00773257 /* arm */ = {
			isa = PBXGroup;
			children = (
				1FC6D0A01FE9FBBD00773257 /* _longjmp.s */,
				1FC6D0A11FE9FBBD00773257 /* _setjmp.s */,
				1FC6D0A21FE9FBBD00773257 /* _setjmp.h */,
				1FC6D0A31FE9FBBD00773257 /* setjmp.s */,
				1FC6D0A41FE9FBBD00773257 /* longjmp.s */,
			);
			path = arm;
			sourceTree = "<group>";
		};
		1FC6D0A51FE9FBBD00773257 /* arm64 */ = {
			isa = PBXGroup;
			children = (
				1FC6D0A61FE9FBBD00773257 /* setjmp.s */,
			);
			path = arm64;
			sourceTree = "<group>";
		};
		1FC6D0A71FE9FBBD00773257 /* x86_64 */ = {
			isa = PBXGroup;
			children = (
				1FC6D0A81FE9FBBD00773257 /* _setjmp.s */,
				1FC6D0A91FE9FBBD00773257 /* _sigtramp.s */,
				1FC6D0AA1FE9FBBD00773257 /* setjmp.s */,
			);
			path = x86_64;
			sourceTree = "<group>";
		};
		1FC6D0AB1FE9FBBD00773257 /* include */ = {
			isa = PBXGroup;
			children = (
				1FC6D0AC1FE9FBBD00773257 /* setjmp.h */,
				1FC6D0AD1FE9FBBD00773257 /* os */,
				1FC6D0B01FE9FBBD00773257 /* libkern */,
				1FC6D0B61FE9FBBD00773257 /* ucontext.h */,
			);
			path = include;
			sourceTree = "<group>";
		};
		1FC6D0AD1FE9FBBD00773257 /* os */ = {
			isa = PBXGroup;
			children = (
				1FC6D0AE1FE9FBBD00773257 /* lock.h */,
				1FC6D0AF1FE9FBBD00773257 /* base.h */,
			);
			path = os;
			sourceTree = "<group>";
		};
		1FC6D0B01FE9FBBD00773257 /* libkern */ = {
			isa = PBXGroup;
			children = (
				1FC6D0B11FE9FBBD00773257 /* OSAtomicDeprecated.h */,
				1FC6D0B21FE9FBBD00773257 /* OSSpinLockDeprecated.h */,
				1FC6D0B31FE9FBBD00773257 /* OSCacheControl.h */,
				1FC6D0B41FE9FBBD00773257 /* OSAtomicQueue.h */,
				1FC6D0B51FE9FBBD00773257 /* OSAtomic.h */,
			);
			path = libkern;
			sourceTree = "<group>";
		};
		1FC6D0B71FE9FBBD00773257 /* internal */ = {
			isa = PBXGroup;
			children = (
				1FC6D0B81FE9FBBD00773257 /* os */,
			);
			path = internal;
			sourceTree = "<group>";
		};
		1FC6D0B81FE9FBBD00773257 /* os */ = {
			isa = PBXGroup;
			children = (
				1FC6D0B91FE9FBBD00773257 /* internal.h */,
				1FC6D0BA1FE9FBBD00773257 /* yield.h */,
				1FC6D0BB1FE9FBBD00773257 /* internal_asm.h */,
			);
			path = os;
			sourceTree = "<group>";
		};
		1FC6D0BC1FE9FBBD00773257 /* man */ = {
			isa = PBXGroup;
			children = (
				1FC6D0BD1FE9FBBD00773257 /* manpages.lst */,
				1FC6D0BE1FE9FBBD00773257 /* makecontext.3 */,
				1FC6D0BF1FE9FBBD00773257 /* stdatomic.3 */,
				1FC6D0C01FE9FBBD00773257 /* ucontext.3 */,
				1FC6D0C11FE9FBBD00773257 /* atomic.3 */,
				1FC6D0C21FE9FBBD00773257 /* getcontext.3 */,
				1FC6D0C31FE9FBBD00773257 /* spinlock_deprecated.3 */,
				1FC6D0C41FE9FBBD00773257 /* ffs.3 */,
				1FC6D0C51FE9FBBD00773257 /* cache.3 */,
				1FC6D0C61FE9FBBD00773257 /* atomic_deprecated.3 */,
				1FC6D0C71FE9FBBD00773257 /* setjmp.3 */,
			);
			path = man;
			sourceTree = "<group>";
		};
/* End PBXGroup section */

/* Begin PBXHeadersBuildPhase section */
		1F0F55451FE9FE4C00B61095 /* Headers */ = {
			isa = PBXHeadersBuildPhase;
			buildActionMask = 2147483647;
			files = (
			);
			runOnlyForDeploymentPostprocessing = 0;
		};
/* End PBXHeadersBuildPhase section */

/* Begin PBXNativeTarget section */
		1F0F55461FE9FE4C00B61095 /* libsystem_platform */ = {
			isa = PBXNativeTarget;
			buildConfigurationList = 1F0F55491FE9FE4C00B61095 /* Build configuration list for PBXNativeTarget "libsystem_platform" */;
			buildPhases = (
				1F0F55431FE9FE4C00B61095 /* Sources */,
				1F0F55441FE9FE4C00B61095 /* Frameworks */,
				1F0F55451FE9FE4C00B61095 /* Headers */,
			);
			buildRules = (
			);
			dependencies = (
			);
			name = libsystem_platform;
			productName = libsystem_platform;
			productReference = 1F0F55471FE9FE4C00B61095 /* libsystem_platform.dylib */;
			productType = "com.apple.product-type.library.dynamic";
		};
/* End PBXNativeTarget section */

/* Begin PBXProject section */
		1FAB8B651FE9FBA000B474E6 /* Project object */ = {
			isa = PBXProject;
			attributes = {
				LastUpgradeCheck = 0930;
				ORGANIZATIONNAME = "PureDarwin Project";
				TargetAttributes = {
					1F0F55461FE9FE4C00B61095 = {
						CreatedOnToolsVersion = 9.2;
					};
					1FC6D0C81FE9FCA400773257 = {
						CreatedOnToolsVersion = 9.2;
						ProvisioningStyle = Automatic;
					};
				};
			};
			buildConfigurationList = 1FAB8B681FE9FBA000B474E6 /* Build configuration list for PBXProject "libplatform" */;
			compatibilityVersion = "Xcode 8.0";
			developmentRegion = en;
			hasScannedForEncodings = 0;
			knownRegions = (
				en,
			);
			mainGroup = 1FAB8B641FE9FBA000B474E6;
			productRefGroup = 1F0F55481FE9FE4C00B61095 /* Products */;
			projectDirPath = "";
			projectRoot = "";
			targets = (
				1F0F55461FE9FE4C00B61095 /* libsystem_platform */,
				1FC6D0C81FE9FCA400773257 /* headers */,
			);
		};
/* End PBXProject section */

/* Begin PBXSourcesBuildPhase section */
		1F0F55431FE9FE4C00B61095 /* Sources */ = {
			isa = PBXSourcesBuildPhase;
			buildActionMask = 2147483647;
			files = (
				1F0F556C1FE9FEA600B61095 /* cache.s in Sources */,
				1F0F556D1FE9FEA600B61095 /* cache.s in Sources */,
				1F0F556E1FE9FEA600B61095 /* cache.s in Sources */,
				1F0F556F1FE9FEA600B61095 /* cache.s in Sources */,
				1F0F55701FE9FEA600B61095 /* pfz.s in Sources */,
				1F0F55711FE9FEA600B61095 /* OSAtomic.s in Sources */,
				1F0F55721FE9FEA600B61095 /* pfz.s in Sources */,
				1F0F55731FE9FEA600B61095 /* OSAtomic.s in Sources */,
				1F0F55741FE9FEA600B61095 /* getcontext.s in Sources */,
				1F0F55751FE9FEA600B61095 /* _setcontext.s in Sources */,
				1F0F55761FE9FEA600B61095 /* _ctx_start.s in Sources */,
				1F0F55771FE9FEA600B61095 /* getcontext.s in Sources */,
				1F0F55781FE9FEA600B61095 /* _setcontext.s in Sources */,
				1F0F55791FE9FEA600B61095 /* _ctx_start.s in Sources */,
				1F0F557A1FE9FEA600B61095 /* _setjmp.s in Sources */,
				1F0F557B1FE9FEA600B61095 /* _sigtramp.s in Sources */,
				1F0F557C1FE9FEA600B61095 /* setjmp.s in Sources */,
				1F0F557D1FE9FEA600B61095 /* _longjmp.s in Sources */,
				1F0F557E1FE9FEA600B61095 /* _setjmp.s in Sources */,
				1F0F557F1FE9FEA600B61095 /* setjmp.s in Sources */,
				1F0F55801FE9FEA600B61095 /* longjmp.s in Sources */,
				1F0F55811FE9FEA600B61095 /* setjmp.s in Sources */,
				1F0F55821FE9FEA600B61095 /* _setjmp.s in Sources */,
				1F0F55831FE9FEA600B61095 /* _sigtramp.s in Sources */,
				1F0F55841FE9FEA600B61095 /* setjmp.s in Sources */,
				1F0F55501FE9FE8800B61095 /* cache.c in Sources */,
				1F0F55511FE9FE8800B61095 /* init.c in Sources */,
				1F0F55521FE9FE8800B61095 /* MKGetTimeBaseInfo.c in Sources */,
				1F0F55531FE9FE8800B61095 /* introspection.c in Sources */,
				1F0F55541FE9FE8800B61095 /* asl.c in Sources */,
				1F0F55551FE9FE8800B61095 /* string_io.c in Sources */,
				1F0F55561FE9FE8800B61095 /* getenv.c in Sources */,
				1F0F55571FE9FE8800B61095 /* alloc_once.c in Sources */,
				1F0F55581FE9FE8800B61095 /* atomic.c in Sources */,
				1F0F55591FE9FE8800B61095 /* semaphore.c in Sources */,
				1F0F555A1FE9FE8800B61095 /* lock.c in Sources */,
				1F0F555B1FE9FE8800B61095 /* strchr.c in Sources */,
				1F0F555C1FE9FE8800B61095 /* memset_pattern.c in Sources */,
				1F0F555D1FE9FE8800B61095 /* memcmp.c in Sources */,
				1F0F555E1FE9FE8800B61095 /* memccpy.c in Sources */,
				1F0F555F1FE9FE8800B61095 /* strncmp.c in Sources */,
				1F0F55601FE9FE8800B61095 /* memmove.c in Sources */,
				1F0F55611FE9FE8800B61095 /* strcmp.c in Sources */,
				1F0F55621FE9FE8800B61095 /* ffsll.c in Sources */,
				1F0F55631FE9FE8800B61095 /* bzero.c in Sources */,
				1F0F55641FE9FE8800B61095 /* memchr.c in Sources */,
				1F0F55651FE9FE8800B61095 /* flsll.c in Sources */,
				1F0F55661FE9FE8800B61095 /* makecontext.c in Sources */,
				1F0F55671FE9FE8800B61095 /* getmcontext.c in Sources */,
				1F0F55681FE9FE8800B61095 /* swapcontext.c in Sources */,
				1F0F55691FE9FE8800B61095 /* setcontext.c in Sources */,
				1F0F556A1FE9FE8800B61095 /* setjmperr.c in Sources */,
				1F0F556B1FE9FE8800B61095 /* sigtramp.c in Sources */,
				1F0F554E1FE9FE7F00B61095 /* init.c in Sources */,
				1F0F554F1FE9FE7F00B61095 /* force_libplatform_to_build.c in Sources */,
			);
			runOnlyForDeploymentPostprocessing = 0;
		};
/* End PBXSourcesBuildPhase section */

/* Begin XCBuildConfiguration section */
		1F0F554A1FE9FE4C00B61095 /* Debug */ = {
			isa = XCBuildConfiguration;
			buildSettings = {
				ALWAYS_SEARCH_USER_PATHS = NO;
				CLANG_ANALYZER_NONNULL = YES;
				CLANG_ANALYZER_NUMBER_OBJECT_CONVERSION = YES_AGGRESSIVE;
				CLANG_CXX_LANGUAGE_STANDARD = "gnu++14";
				CLANG_CXX_LIBRARY = "libc++";
				CLANG_ENABLE_OBJC_ARC = YES;
				CLANG_ENABLE_OBJC_WEAK = YES;
				CLANG_WARN_BLOCK_CAPTURE_AUTORELEASING = YES;
				CLANG_WARN_BOOL_CONVERSION = YES;
				CLANG_WARN_COMMA = YES;
				CLANG_WARN_CONSTANT_CONVERSION = YES;
				CLANG_WARN_DIRECT_OBJC_ISA_USAGE = YES_ERROR;
				CLANG_WARN_DOCUMENTATION_COMMENTS = YES;
				CLANG_WARN_EMPTY_BODY = YES;
				CLANG_WARN_ENUM_CONVERSION = YES;
				CLANG_WARN_INFINITE_RECURSION = YES;
				CLANG_WARN_INT_CONVERSION = YES;
				CLANG_WARN_NON_LITERAL_NULL_CONVERSION = YES;
				CLANG_WARN_OBJC_LITERAL_CONVERSION = YES;
				CLANG_WARN_OBJC_ROOT_CLASS = YES_ERROR;
				CLANG_WARN_RANGE_LOOP_ANALYSIS = YES;
				CLANG_WARN_STRICT_PROTOTYPES = YES;
				CLANG_WARN_SUSPICIOUS_MOVE = YES;
				CLANG_WARN_UNGUARDED_AVAILABILITY = YES_AGGRESSIVE;
				CLANG_WARN_UNREACHABLE_CODE = YES;
				CLANG_WARN__DUPLICATE_METHOD_MATCH = YES;
				COPY_PHASE_STRIP = NO;
				DEBUG_INFORMATION_FORMAT = dwarf;
				DEVELOPMENT_TEAM = "";
				DYLIB_COMPATIBILITY_VERSION = 1;
				DYLIB_CURRENT_VERSION = 1;
				ENABLE_STRICT_OBJC_MSGSEND = YES;
				ENABLE_TESTABILITY = YES;
				EXECUTABLE_PREFIX = lib;
				FRAMEWORK_SEARCH_PATHS = "$(RC_BuildRoot)/System/Library/Frameworks";
				GCC_C_LANGUAGE_STANDARD = gnu11;
				GCC_DYNAMIC_NO_PIC = NO;
				GCC_NO_COMMON_BLOCKS = YES;
				GCC_OPTIMIZATION_LEVEL = 0;
				GCC_PREPROCESSOR_DEFINITIONS = (
					"VARIANT_STATIC=1",
					"DEBUG=1",
					"$(inherited)",
				);
				GCC_WARN_64_TO_32_BIT_CONVERSION = YES;
				GCC_WARN_ABOUT_RETURN_TYPE = YES_ERROR;
				GCC_WARN_UNDECLARED_SELECTOR = YES;
				GCC_WARN_UNINITIALIZED_AUTOS = YES_AGGRESSIVE;
				GCC_WARN_UNUSED_FUNCTION = YES;
				GCC_WARN_UNUSED_VARIABLE = YES;
				HEADER_SEARCH_PATHS = "$(RC_BuildRoot)/System/Library/Frameworks/System.framework/Versions/B/PrivateHeaders";
				INSTALL_PATH = /usr/lib/system;
				MACOSX_DEPLOYMENT_TARGET = 10.13;
				MTL_ENABLE_DEBUG_INFO = YES;
				ONLY_ACTIVE_ARCH = YES;
				OTHER_LDFLAGS = (
					"-nostdlib",
					"$(RC_BuildRoot)/usr/lib/system/libcompiler_rt.dylib",
					"$(RC_BuildRoot)/usr/lib/system/libsystem_c.dylib",
					"$(RC_BuildRoot)/usr/lib/system/libsystem_kernel.dylib",
					"$(RC_BuildRoot)/usr/lib/system/libdyld.dylib",
					"-umbrella",
					System,
				);
				PRODUCT_NAME = system_platform;
				PROVISIONING_PROFILE_SPECIFIER = "";
				SDKROOT = macosx;
				SYSTEM_FRAMEWORK_SEARCH_PATHS = "$(RC_BuildRoot)/System/Library/Frameworks";
				SYSTEM_HEADER_SEARCH_PATHS = "$(RC_BuildRoot)/usr/local/include";
			};
			name = Debug;
		};
		1F0F554B1FE9FE4C00B61095 /* Release */ = {
			isa = XCBuildConfiguration;
			buildSettings = {
				ALWAYS_SEARCH_USER_PATHS = NO;
				CLANG_ANALYZER_NONNULL = YES;
				CLANG_ANALYZER_NUMBER_OBJECT_CONVERSION = YES_AGGRESSIVE;
				CLANG_CXX_LANGUAGE_STANDARD = "gnu++14";
				CLANG_CXX_LIBRARY = "libc++";
				CLANG_ENABLE_OBJC_ARC = YES;
				CLANG_ENABLE_OBJC_WEAK = YES;
				CLANG_WARN_BLOCK_CAPTURE_AUTORELEASING = YES;
				CLANG_WARN_BOOL_CONVERSION = YES;
				CLANG_WARN_COMMA = YES;
				CLANG_WARN_CONSTANT_CONVERSION = YES;
				CLANG_WARN_DIRECT_OBJC_ISA_USAGE = YES_ERROR;
				CLANG_WARN_DOCUMENTATION_COMMENTS = YES;
				CLANG_WARN_EMPTY_BODY = YES;
				CLANG_WARN_ENUM_CONVERSION = YES;
				CLANG_WARN_INFINITE_RECURSION = YES;
				CLANG_WARN_INT_CONVERSION = YES;
				CLANG_WARN_NON_LITERAL_NULL_CONVERSION = YES;
				CLANG_WARN_OBJC_LITERAL_CONVERSION = YES;
				CLANG_WARN_OBJC_ROOT_CLASS = YES_ERROR;
				CLANG_WARN_RANGE_LOOP_ANALYSIS = YES;
				CLANG_WARN_STRICT_PROTOTYPES = YES;
				CLANG_WARN_SUSPICIOUS_MOVE = YES;
				CLANG_WARN_UNGUARDED_AVAILABILITY = YES_AGGRESSIVE;
				CLANG_WARN_UNREACHABLE_CODE = YES;
				CLANG_WARN__DUPLICATE_METHOD_MATCH = YES;
				COPY_PHASE_STRIP = NO;
				DEBUG_INFORMATION_FORMAT = "dwarf-with-dsym";
				DEVELOPMENT_TEAM = "";
				DYLIB_COMPATIBILITY_VERSION = 1;
				DYLIB_CURRENT_VERSION = 1;
				ENABLE_NS_ASSERTIONS = NO;
				ENABLE_STRICT_OBJC_MSGSEND = YES;
				EXECUTABLE_PREFIX = lib;
				FRAMEWORK_SEARCH_PATHS = "$(RC_BuildRoot)/System/Library/Frameworks";
				GCC_C_LANGUAGE_STANDARD = gnu11;
				GCC_NO_COMMON_BLOCKS = YES;
				GCC_PREPROCESSOR_DEFINITIONS = "VARIANT_STATIC=1";
				GCC_WARN_64_TO_32_BIT_CONVERSION = YES;
				GCC_WARN_ABOUT_RETURN_TYPE = YES_ERROR;
				GCC_WARN_UNDECLARED_SELECTOR = YES;
				GCC_WARN_UNINITIALIZED_AUTOS = YES_AGGRESSIVE;
				GCC_WARN_UNUSED_FUNCTION = YES;
				GCC_WARN_UNUSED_VARIABLE = YES;
				HEADER_SEARCH_PATHS = "$(RC_BuildRoot)/System/Library/Frameworks/System.framework/Versions/B/PrivateHeaders";
				INSTALL_PATH = /usr/lib/system;
				MACOSX_DEPLOYMENT_TARGET = 10.13;
				MTL_ENABLE_DEBUG_INFO = NO;
				OTHER_LDFLAGS = (
					"-nostdlib",
					"$(RC_BuildRoot)/usr/lib/system/libcompiler_rt.dylib",
					"$(RC_BuildRoot)/usr/lib/system/libsystem_c.dylib",
					"$(RC_BuildRoot)/usr/lib/system/libsystem_kernel.dylib",
					"$(RC_BuildRoot)/usr/lib/system/libdyld.dylib",
					"-umbrella",
					System,
				);
				PRODUCT_NAME = system_platform;
				PROVISIONING_PROFILE_SPECIFIER = "";
				SDKROOT = macosx;
				SYSTEM_FRAMEWORK_SEARCH_PATHS = "$(RC_BuildRoot)/System/Library/Frameworks";
				SYSTEM_HEADER_SEARCH_PATHS = "$(RC_BuildRoot)/usr/local/include";
			};
			name = Release;
		};
		1FAB8B691FE9FBA000B474E6 /* Debug */ = {
			isa = XCBuildConfiguration;
			buildSettings = {
				CLANG_WARN_BLOCK_CAPTURE_AUTORELEASING = YES;
				CLANG_WARN_BOOL_CONVERSION = YES;
				CLANG_WARN_COMMA = YES;
				CLANG_WARN_CONSTANT_CONVERSION = YES;
				CLANG_WARN_DEPRECATED_OBJC_IMPLEMENTATIONS = YES;
				CLANG_WARN_EMPTY_BODY = YES;
				CLANG_WARN_ENUM_CONVERSION = YES;
				CLANG_WARN_INFINITE_RECURSION = YES;
				CLANG_WARN_INT_CONVERSION = YES;
				CLANG_WARN_NON_LITERAL_NULL_CONVERSION = YES;
				CLANG_WARN_OBJC_IMPLICIT_RETAIN_SELF = YES;
				CLANG_WARN_OBJC_LITERAL_CONVERSION = YES;
				CLANG_WARN_RANGE_LOOP_ANALYSIS = YES;
				CLANG_WARN_STRICT_PROTOTYPES = YES;
				CLANG_WARN_SUSPICIOUS_MOVE = YES;
				CLANG_WARN_UNREACHABLE_CODE = YES;
				CLANG_WARN__DUPLICATE_METHOD_MATCH = YES;
				ENABLE_STRICT_OBJC_MSGSEND = YES;
				ENABLE_TESTABILITY = YES;
				GCC_NO_COMMON_BLOCKS = YES;
				GCC_WARN_64_TO_32_BIT_CONVERSION = YES;
				GCC_WARN_ABOUT_RETURN_TYPE = YES;
				GCC_WARN_UNDECLARED_SELECTOR = YES;
				GCC_WARN_UNINITIALIZED_AUTOS = YES;
				GCC_WARN_UNUSED_FUNCTION = YES;
				GCC_WARN_UNUSED_VARIABLE = YES;
				INSTALLHDRS_COPY_PHASE = YES;
				INSTALLHDRS_SCRIPT_PHASE = YES;
				ONLY_ACTIVE_ARCH = YES;
			};
			name = Debug;
		};
		1FAB8B6A1FE9FBA000B474E6 /* Release */ = {
			isa = XCBuildConfiguration;
			buildSettings = {
				CLANG_WARN_BLOCK_CAPTURE_AUTORELEASING = YES;
				CLANG_WARN_BOOL_CONVERSION = YES;
				CLANG_WARN_COMMA = YES;
				CLANG_WARN_CONSTANT_CONVERSION = YES;
				CLANG_WARN_DEPRECATED_OBJC_IMPLEMENTATIONS = YES;
				CLANG_WARN_EMPTY_BODY = YES;
				CLANG_WARN_ENUM_CONVERSION = YES;
				CLANG_WARN_INFINITE_RECURSION = YES;
				CLANG_WARN_INT_CONVERSION = YES;
				CLANG_WARN_NON_LITERAL_NULL_CONVERSION = YES;
				CLANG_WARN_OBJC_IMPLICIT_RETAIN_SELF = YES;
				CLANG_WARN_OBJC_LITERAL_CONVERSION = YES;
				CLANG_WARN_RANGE_LOOP_ANALYSIS = YES;
				CLANG_WARN_STRICT_PROTOTYPES = YES;
				CLANG_WARN_SUSPICIOUS_MOVE = YES;
				CLANG_WARN_UNREACHABLE_CODE = YES;
				CLANG_WARN__DUPLICATE_METHOD_MATCH = YES;
				ENABLE_STRICT_OBJC_MSGSEND = YES;
				GCC_NO_COMMON_BLOCKS = YES;
				GCC_WARN_64_TO_32_BIT_CONVERSION = YES;
				GCC_WARN_ABOUT_RETURN_TYPE = YES;
				GCC_WARN_UNDECLARED_SELECTOR = YES;
				GCC_WARN_UNINITIALIZED_AUTOS = YES;
				GCC_WARN_UNUSED_FUNCTION = YES;
				GCC_WARN_UNUSED_VARIABLE = YES;
				INSTALLHDRS_COPY_PHASE = YES;
				INSTALLHDRS_SCRIPT_PHASE = YES;
			};
			name = Release;
		};
		1FC6D0CA1FE9FCA400773257 /* Debug */ = {
			isa = XCBuildConfiguration;
			buildSettings = {
				CLANG_ENABLE_OBJC_WEAK = YES;
				CODE_SIGN_STYLE = Automatic;
				DEVELOPMENT_TEAM = 3P242C9ES5;
				PRODUCT_NAME = "$(TARGET_NAME)";
			};
			name = Debug;
		};
		1FC6D0CB1FE9FCA400773257 /* Release */ = {
			isa = XCBuildConfiguration;
			buildSettings = {
				CLANG_ENABLE_OBJC_WEAK = YES;
				CODE_SIGN_STYLE = Automatic;
				DEVELOPMENT_TEAM = 3P242C9ES5;
				PRODUCT_NAME = "$(TARGET_NAME)";
			};
			name = Release;
		};
/* End XCBuildConfiguration section */

/* Begin XCConfigurationList section */
		1F0F55491FE9FE4C00B61095 /* Build configuration list for PBXNativeTarget "libsystem_platform" */ = {
			isa = XCConfigurationList;
			buildConfigurations = (
				1F0F554A1FE9FE4C00B61095 /* Debug */,
				1F0F554B1FE9FE4C00B61095 /* Release */,
			);
			defaultConfigurationIsVisible = 0;
			defaultConfigurationName = Release;
		};
		1FAB8B681FE9FBA000B474E6 /* Build configuration list for PBXProject "libplatform" */ = {
			isa = XCConfigurationList;
			buildConfigurations = (
				1FAB8B691FE9FBA000B474E6 /* Debug */,
				1FAB8B6A1FE9FBA000B474E6 /* Release */,
			);
			defaultConfigurationIsVisible = 0;
			defaultConfigurationName = Release;
		};
		1FC6D0C91FE9FCA400773257 /* Build configuration list for PBXAggregateTarget "headers" */ = {
			isa = XCConfigurationList;
			buildConfigurations = (
				1FC6D0CA1FE9FCA400773257 /* Debug */,
				1FC6D0CB1FE9FCA400773257 /* Release */,
			);
			defaultConfigurationIsVisible = 0;
			defaultConfigurationName = Release;
		};
/* End XCConfigurationList section */
	};
	rootObject = 1FAB8B651FE9FBA000B474E6 /* Project object */;
}
